
Microsoft Visual Studio Solution File, Format Version 12.00
# Visual Studio 15
VisualStudioVersion = 15.0.28010.2046
MinimumVisualStudioVersion = 10.0.40219.1
Project("{FAE04EC0-301F-11D3-BF4B-00C04F79EFBC}") = "MergeOverlappingIntervals", "MergeOverlappingIntervals\MergeOverlappingIntervals.csproj", "{E43BA95C-7E9D-4903-AC8B-55BE76DF3E0F}"
EndProject
Project("{9A19103F-16F7-4668-BE54-9A1E7A4F7556}") = "OverlappingIntervalsService", "MergeOverlappingIntervalsService\OverlappingIntervalsService.csproj", "{4C6D9FEF-F4B1-4063-A4C1-A09AC4A03B81}"
EndProject
Project("{FAE04EC0-301F-11D3-BF4B-00C04F79EFBC}") = "OverlappingIntervalsUI", "OverlappingIntervalsUI\OverlappingIntervalsUI.csproj", "{497C2FA9-1DE9-4314-952E-809AC85CE243}"
EndProject
Project("{FAE04EC0-301F-11D3-BF4B-00C04F79EFBC}") = "OverlappingIntervalsTest", "OverlappingIntervalsTest\OverlappingIntervalsTest.csproj", "{6DC7B7C2-5900-4C17-B8AB-27F4A2BAAC3B}"
EndProject
Global
	GlobalSection(SolutionConfigurationPlatforms) = preSolution
		Debug|Any CPU = Debug|Any CPU
		Release|Any CPU = Release|Any CPU
	EndGlobalSection
	GlobalSection(ProjectConfigurationPlatforms) = postSolution
		{E43BA95C-7E9D-4903-AC8B-55BE76DF3E0F}.Debug|Any CPU.ActiveCfg = Debug|Any CPU
		{E43BA95C-7E9D-4903-AC8B-55BE76DF3E0F}.Debug|Any CPU.Build.0 = Debug|Any CPU
		{E43BA95C-7E9D-4903-AC8B-55BE76DF3E0F}.Release|Any CPU.ActiveCfg = Release|Any CPU
		{E43BA95C-7E9D-4903-AC8B-55BE76DF3E0F}.Release|Any CPU.Build.0 = Release|Any CPU
		{4C6D9FEF-F4B1-4063-A4C1-A09AC4A03B81}.Debug|Any CPU.ActiveCfg = Debug|Any CPU
		{4C6D9FEF-F4B1-4063-A4C1-A09AC4A03B81}.Debug|Any CPU.Build.0 = Debug|Any CPU
		{4C6D9FEF-F4B1-4063-A4C1-A09AC4A03B81}.Release|Any CPU.ActiveCfg = Release|Any CPU
		{4C6D9FEF-F4B1-4063-A4C1-A09AC4A03B81}.Release|Any CPU.Build.0 = Release|Any CPU
		{497C2FA9-1DE9-4314-952E-809AC85CE243}.Debug|Any CPU.ActiveCfg = Debug|Any CPU
		{497C2FA9-1DE9-4314-952E-809AC85CE243}.Debug|Any CPU.Build.0 = Debug|Any CPU
		{497C2FA9-1DE9-4314-952E-809AC85CE243}.Release|Any CPU.ActiveCfg = Release|Any CPU
		{497C2FA9-1DE9-4314-952E-809AC85CE243}.Release|Any CPU.Build.0 = Release|Any CPU
		{6DC7B7C2-5900-4C17-B8AB-27F4A2BAAC3B}.Debug|Any CPU.ActiveCfg = Debug|Any CPU
		{6DC7B7C2-5900-4C17-B8AB-27F4A2BAAC3B}.Debug|Any CPU.Build.0 = Debug|Any CPU
		{6DC7B7C2-5900-4C17-B8AB-27F4A2BAAC3B}.Release|Any CPU.ActiveCfg = Release|Any CPU
		{6DC7B7C2-5900-4C17-B8AB-27F4A2BAAC3B}.Release|Any CPU.Build.0 = Release|Any CPU
	EndGlobalSection
	GlobalSection(SolutionProperties) = preSolution
		HideSolutionNode = FALSE
	EndGlobalSection
	GlobalSection(ExtensibilityGlobals) = postSolution
		SolutionGuid = {B9B6299E-CF50-4765-95EF-C6F85C29C60A}
	EndGlobalSection
EndGlobal
